
Microsoft Visual Studio Solution File, Format Version 12.00
# Visual Studio Version 17
VisualStudioVersion = 17.4.33122.133
MinimumVisualStudioVersion = 10.0.40219.1
Project("{FAE04EC0-301F-11D3-BF4B-00C04F79EFBC}") = "Sender", "Sender.csproj", "{CBF06569-FCA6-4521-9423-A9F549EC0599}"
EndProject
Global
	GlobalSection(SolutionConfigurationPlatforms) = preSolution
		Debug|Any CPU = Debug|Any CPU
		Release|Any CPU = Release|Any CPU
	EndGlobalSection
	GlobalSection(ProjectConfigurationPlatforms) = postSolution
		{CBF06569-FCA6-4521-9423-A9F549EC0599}.Debug|Any CPU.ActiveCfg = Debug|Any CPU
		{CBF06569-FCA6-4521-9423-A9F549EC0599}.Debug|Any CPU.Build.0 = Debug|Any CPU
		{CBF06569-FCA6-4521-9423-A9F549EC0599}.Release|Any CPU.ActiveCfg = Release|Any CPU
		{CBF06569-FCA6-4521-9423-A9F549EC0599}.Release|Any CPU.Build.0 = Release|Any CPU
	EndGlobalSection
	GlobalSection(SolutionProperties) = preSolution
		HideSolutionNode = FALSE
	EndGlobalSection
	GlobalSection(ExtensibilityGlobals) = postSolution
		SolutionGuid = {1252F758-EB82-45AC-9BC2-E497F6CE6496}
	EndGlobalSection
EndGlobal
